
Microsoft Visual Studio Solution File, Format Version 12.00
# Visual Studio Version 17
VisualStudioVersion = 17.0.31903.59
MinimumVisualStudioVersion = 10.0.40219.1
Project("{2150E333-8FDC-42A3-9474-1A3956D46DE8}") = "Solution Items", "Solution Items", "{089100B1-113F-4E66-888A-E83F3999EAFD}"
	ProjectSection(SolutionItems) = preProject
		.editorconfig = .editorconfig
		Directory.Build.props = Directory.Build.props
		Directory.Packages.props = Directory.Packages.props
	EndProjectSection
EndProject
Project("{2150E333-8FDC-42A3-9474-1A3956D46DE8}") = "src", "src", "{827E0CD3-B72D-47B6-A68D-7590B98EB39B}"
	ProjectSection(SolutionItems) = preProject
		README.md = README.md
	EndProjectSection
EndProject
Project("{2150E333-8FDC-42A3-9474-1A3956D46DE8}") = "tests", "tests", "{0AB3BF05-4346-4AA6-1389-037BE0695223}"
EndProject
Project("{2150E333-8FDC-42A3-9474-1A3956D46DE8}") = "Infrastructure", "Infrastructure", "{9048EB7F-3875-A59E-E36B-5BD4C6F2A282}"
EndProject
Project("{2150E333-8FDC-42A3-9474-1A3956D46DE8}") = "Web", "Web", "{03997797-E7F5-0643-168D-B8EA7178C2FE}"
EndProject
Project("{2150E333-8FDC-42A3-9474-1A3956D46DE8}") = "Core", "Core", "{8D626EA8-CB54-BC41-363A-217881BEBA6E}"
EndProject
Project("{FAE04EC0-301F-11D3-BF4B-00C04F79EFBC}") = "RaTemplate.Domain", "src\Core\RaTemplate.Domain\RaTemplate.Domain.csproj", "{C0F16F1E-E0E5-4F3F-8048-78F9D2CA8DAC}"
EndProject
Project("{FAE04EC0-301F-11D3-BF4B-00C04F79EFBC}") = "RaTemplate.Application", "src\Core\RaTemplate.Application\RaTemplate.Application.csproj", "{3F4E6BA8-1A51-4F75-9A85-4FDA88D06273}"
EndProject
Project("{FAE04EC0-301F-11D3-BF4B-00C04F79EFBC}") = "RaTemplate.Persistence", "src\Infrastructure\RaTemplate.Persistence\RaTemplate.Persistence.csproj", "{AB9001E1-55FF-40E1-B9AC-DF02EB2BB4E5}"
EndProject
Project("{FAE04EC0-301F-11D3-BF4B-00C04F79EFBC}") = "RaTemplate.Integration", "src\Infrastructure\RaTemplate.Integration\RaTemplate.Integration.csproj", "{F4465C2A-0D06-4ED1-AEDD-2E0B9F847D4C}"
EndProject
Project("{FAE04EC0-301F-11D3-BF4B-00C04F79EFBC}") = "RaTemplate.Api.Contracts", "src\Web\RaTemplate.Api.Contracts\RaTemplate.Api.Contracts.csproj", "{CCE12E6D-25F6-46B9-8EBF-C010D4CC5CFC}"
EndProject
Project("{FAE04EC0-301F-11D3-BF4B-00C04F79EFBC}") = "RaTemplate.Api", "src\Web\RaTemplate.Api\RaTemplate.Api.csproj", "{EAA64D7B-7C2A-4E97-A4BA-9E57BE010EBF}"
EndProject
Project("{FAE04EC0-301F-11D3-BF4B-00C04F79EFBC}") = "RaTemplate.Infrastructure", "src\Infrastructure\RaTemplate.Infrastructure\RaTemplate.Infrastructure.csproj", "{EE66496A-B684-49B2-8B0F-F94A2F856B54}"
EndProject
Global
	GlobalSection(SolutionConfigurationPlatforms) = preSolution
		Debug|Any CPU = Debug|Any CPU
		Debug|x64 = Debug|x64
		Debug|x86 = Debug|x86
		Release|Any CPU = Release|Any CPU
		Release|x64 = Release|x64
		Release|x86 = Release|x86
	EndGlobalSection
	GlobalSection(ProjectConfigurationPlatforms) = postSolution
		{C0F16F1E-E0E5-4F3F-8048-78F9D2CA8DAC}.Debug|Any CPU.ActiveCfg = Debug|Any CPU
		{C0F16F1E-E0E5-4F3F-8048-78F9D2CA8DAC}.Debug|Any CPU.Build.0 = Debug|Any CPU
		{C0F16F1E-E0E5-4F3F-8048-78F9D2CA8DAC}.Debug|x64.ActiveCfg = Debug|Any CPU
		{C0F16F1E-E0E5-4F3F-8048-78F9D2CA8DAC}.Debug|x64.Build.0 = Debug|Any CPU
		{C0F16F1E-E0E5-4F3F-8048-78F9D2CA8DAC}.Debug|x86.ActiveCfg = Debug|Any CPU
		{C0F16F1E-E0E5-4F3F-8048-78F9D2CA8DAC}.Debug|x86.Build.0 = Debug|Any CPU
		{C0F16F1E-E0E5-4F3F-8048-78F9D2CA8DAC}.Release|Any CPU.ActiveCfg = Release|Any CPU
		{C0F16F1E-E0E5-4F3F-8048-78F9D2CA8DAC}.Release|Any CPU.Build.0 = Release|Any CPU
		{C0F16F1E-E0E5-4F3F-8048-78F9D2CA8DAC}.Release|x64.ActiveCfg = Release|Any CPU
		{C0F16F1E-E0E5-4F3F-8048-78F9D2CA8DAC}.Release|x64.Build.0 = Release|Any CPU
		{C0F16F1E-E0E5-4F3F-8048-78F9D2CA8DAC}.Release|x86.ActiveCfg = Release|Any CPU
		{C0F16F1E-E0E5-4F3F-8048-78F9D2CA8DAC}.Release|x86.Build.0 = Release|Any CPU
		{3F4E6BA8-1A51-4F75-9A85-4FDA88D06273}.Debug|Any CPU.ActiveCfg = Debug|Any CPU
		{3F4E6BA8-1A51-4F75-9A85-4FDA88D06273}.Debug|Any CPU.Build.0 = Debug|Any CPU
		{3F4E6BA8-1A51-4F75-9A85-4FDA88D06273}.Debug|x64.ActiveCfg = Debug|Any CPU
		{3F4E6BA8-1A51-4F75-9A85-4FDA88D06273}.Debug|x64.Build.0 = Debug|Any CPU
		{3F4E6BA8-1A51-4F75-9A85-4FDA88D06273}.Debug|x86.ActiveCfg = Debug|Any CPU
		{3F4E6BA8-1A51-4F75-9A85-4FDA88D06273}.Debug|x86.Build.0 = Debug|Any CPU
		{3F4E6BA8-1A51-4F75-9A85-4FDA88D06273}.Release|Any CPU.ActiveCfg = Release|Any CPU
		{3F4E6BA8-1A51-4F75-9A85-4FDA88D06273}.Release|Any CPU.Build.0 = Release|Any CPU
		{3F4E6BA8-1A51-4F75-9A85-4FDA88D06273}.Release|x64.ActiveCfg = Release|Any CPU
		{3F4E6BA8-1A51-4F75-9A85-4FDA88D06273}.Release|x64.Build.0 = Release|Any CPU
		{3F4E6BA8-1A51-4F75-9A85-4FDA88D06273}.Release|x86.ActiveCfg = Release|Any CPU
		{3F4E6BA8-1A51-4F75-9A85-4FDA88D06273}.Release|x86.Build.0 = Release|Any CPU
		{AB9001E1-55FF-40E1-B9AC-DF02EB2BB4E5}.Debug|Any CPU.ActiveCfg = Debug|Any CPU
		{AB9001E1-55FF-40E1-B9AC-DF02EB2BB4E5}.Debug|Any CPU.Build.0 = Debug|Any CPU
		{AB9001E1-55FF-40E1-B9AC-DF02EB2BB4E5}.Debug|x64.ActiveCfg = Debug|Any CPU
		{AB9001E1-55FF-40E1-B9AC-DF02EB2BB4E5}.Debug|x64.Build.0 = Debug|Any CPU
		{AB9001E1-55FF-40E1-B9AC-DF02EB2BB4E5}.Debug|x86.ActiveCfg = Debug|Any CPU
		{AB9001E1-55FF-40E1-B9AC-DF02EB2BB4E5}.Debug|x86.Build.0 = Debug|Any CPU
		{AB9001E1-55FF-40E1-B9AC-DF02EB2BB4E5}.Release|Any CPU.ActiveCfg = Release|Any CPU
		{AB9001E1-55FF-40E1-B9AC-DF02EB2BB4E5}.Release|Any CPU.Build.0 = Release|Any CPU
		{AB9001E1-55FF-40E1-B9AC-DF02EB2BB4E5}.Release|x64.ActiveCfg = Release|Any CPU
		{AB9001E1-55FF-40E1-B9AC-DF02EB2BB4E5}.Release|x64.Build.0 = Release|Any CPU
		{AB9001E1-55FF-40E1-B9AC-DF02EB2BB4E5}.Release|x86.ActiveCfg = Release|Any CPU
		{AB9001E1-55FF-40E1-B9AC-DF02EB2BB4E5}.Release|x86.Build.0 = Release|Any CPU
		{F4465C2A-0D06-4ED1-AEDD-2E0B9F847D4C}.Debug|Any CPU.ActiveCfg = Debug|Any CPU
		{F4465C2A-0D06-4ED1-AEDD-2E0B9F847D4C}.Debug|Any CPU.Build.0 = Debug|Any CPU
		{F4465C2A-0D06-4ED1-AEDD-2E0B9F847D4C}.Debug|x64.ActiveCfg = Debug|Any CPU
		{F4465C2A-0D06-4ED1-AEDD-2E0B9F847D4C}.Debug|x64.Build.0 = Debug|Any CPU
		{F4465C2A-0D06-4ED1-AEDD-2E0B9F847D4C}.Debug|x86.ActiveCfg = Debug|Any CPU
		{F4465C2A-0D06-4ED1-AEDD-2E0B9F847D4C}.Debug|x86.Build.0 = Debug|Any CPU
		{F4465C2A-0D06-4ED1-AEDD-2E0B9F847D4C}.Release|Any CPU.ActiveCfg = Release|Any CPU
		{F4465C2A-0D06-4ED1-AEDD-2E0B9F847D4C}.Release|Any CPU.Build.0 = Release|Any CPU
		{F4465C2A-0D06-4ED1-AEDD-2E0B9F847D4C}.Release|x64.ActiveCfg = Release|Any CPU
		{F4465C2A-0D06-4ED1-AEDD-2E0B9F847D4C}.Release|x64.Build.0 = Release|Any CPU
		{F4465C2A-0D06-4ED1-AEDD-2E0B9F847D4C}.Release|x86.ActiveCfg = Release|Any CPU
		{F4465C2A-0D06-4ED1-AEDD-2E0B9F847D4C}.Release|x86.Build.0 = Release|Any CPU
		{CCE12E6D-25F6-46B9-8EBF-C010D4CC5CFC}.Debug|Any CPU.ActiveCfg = Debug|Any CPU
		{CCE12E6D-25F6-46B9-8EBF-C010D4CC5CFC}.Debug|Any CPU.Build.0 = Debug|Any CPU
		{CCE12E6D-25F6-46B9-8EBF-C010D4CC5CFC}.Debug|x64.ActiveCfg = Debug|Any CPU
		{CCE12E6D-25F6-46B9-8EBF-C010D4CC5CFC}.Debug|x64.Build.0 = Debug|Any CPU
		{CCE12E6D-25F6-46B9-8EBF-C010D4CC5CFC}.Debug|x86.ActiveCfg = Debug|Any CPU
		{CCE12E6D-25F6-46B9-8EBF-C010D4CC5CFC}.Debug|x86.Build.0 = Debug|Any CPU
		{CCE12E6D-25F6-46B9-8EBF-C010D4CC5CFC}.Release|Any CPU.ActiveCfg = Release|Any CPU
		{CCE12E6D-25F6-46B9-8EBF-C010D4CC5CFC}.Release|Any CPU.Build.0 = Release|Any CPU
		{CCE12E6D-25F6-46B9-8EBF-C010D4CC5CFC}.Release|x64.ActiveCfg = Release|Any CPU
		{CCE12E6D-25F6-46B9-8EBF-C010D4CC5CFC}.Release|x64.Build.0 = Release|Any CPU
		{CCE12E6D-25F6-46B9-8EBF-C010D4CC5CFC}.Release|x86.ActiveCfg = Release|Any CPU
		{CCE12E6D-25F6-46B9-8EBF-C010D4CC5CFC}.Release|x86.Build.0 = Release|Any CPU
		{EAA64D7B-7C2A-4E97-A4BA-9E57BE010EBF}.Debug|Any CPU.ActiveCfg = Debug|Any CPU
		{EAA64D7B-7C2A-4E97-A4BA-9E57BE010EBF}.Debug|Any CPU.Build.0 = Debug|Any CPU
		{EAA64D7B-7C2A-4E97-A4BA-9E57BE010EBF}.Debug|x64.ActiveCfg = Debug|Any CPU
		{EAA64D7B-7C2A-4E97-A4BA-9E57BE010EBF}.Debug|x64.Build.0 = Debug|Any CPU
		{EAA64D7B-7C2A-4E97-A4BA-9E57BE010EBF}.Debug|x86.ActiveCfg = Debug|Any CPU
		{EAA64D7B-7C2A-4E97-A4BA-9E57BE010EBF}.Debug|x86.Build.0 = Debug|Any CPU
		{EAA64D7B-7C2A-4E97-A4BA-9E57BE010EBF}.Release|Any CPU.ActiveCfg = Release|Any CPU
		{EAA64D7B-7C2A-4E97-A4BA-9E57BE010EBF}.Release|Any CPU.Build.0 = Release|Any CPU
		{EAA64D7B-7C2A-4E97-A4BA-9E57BE010EBF}.Release|x64.ActiveCfg = Release|Any CPU
		{EAA64D7B-7C2A-4E97-A4BA-9E57BE010EBF}.Release|x64.Build.0 = Release|Any CPU
		{EAA64D7B-7C2A-4E97-A4BA-9E57BE010EBF}.Release|x86.ActiveCfg = Release|Any CPU
		{EAA64D7B-7C2A-4E97-A4BA-9E57BE010EBF}.Release|x86.Build.0 = Release|Any CPU
		{EE66496A-B684-49B2-8B0F-F94A2F856B54}.Debug|Any CPU.ActiveCfg = Debug|Any CPU
		{EE66496A-B684-49B2-8B0F-F94A2F856B54}.Debug|Any CPU.Build.0 = Debug|Any CPU
		{EE66496A-B684-49B2-8B0F-F94A2F856B54}.Debug|x64.ActiveCfg = Debug|Any CPU
		{EE66496A-B684-49B2-8B0F-F94A2F856B54}.Debug|x64.Build.0 = Debug|Any CPU
		{EE66496A-B684-49B2-8B0F-F94A2F856B54}.Debug|x86.ActiveCfg = Debug|Any CPU
		{EE66496A-B684-49B2-8B0F-F94A2F856B54}.Debug|x86.Build.0 = Debug|Any CPU
		{EE66496A-B684-49B2-8B0F-F94A2F856B54}.Release|Any CPU.ActiveCfg = Release|Any CPU
		{EE66496A-B684-49B2-8B0F-F94A2F856B54}.Release|Any CPU.Build.0 = Release|Any CPU
		{EE66496A-B684-49B2-8B0F-F94A2F856B54}.Release|x64.ActiveCfg = Release|Any CPU
		{EE66496A-B684-49B2-8B0F-F94A2F856B54}.Release|x64.Build.0 = Release|Any CPU
		{EE66496A-B684-49B2-8B0F-F94A2F856B54}.Release|x86.ActiveCfg = Release|Any CPU
		{EE66496A-B684-49B2-8B0F-F94A2F856B54}.Release|x86.Build.0 = Release|Any CPU
	EndGlobalSection
	GlobalSection(SolutionProperties) = preSolution
		HideSolutionNode = FALSE
	EndGlobalSection
	GlobalSection(NestedProjects) = preSolution
		{9048EB7F-3875-A59E-E36B-5BD4C6F2A282} = {827E0CD3-B72D-47B6-A68D-7590B98EB39B}
		{03997797-E7F5-0643-168D-B8EA7178C2FE} = {827E0CD3-B72D-47B6-A68D-7590B98EB39B}
		{8D626EA8-CB54-BC41-363A-217881BEBA6E} = {827E0CD3-B72D-47B6-A68D-7590B98EB39B}
		{C0F16F1E-E0E5-4F3F-8048-78F9D2CA8DAC} = {8D626EA8-CB54-BC41-363A-217881BEBA6E}
		{3F4E6BA8-1A51-4F75-9A85-4FDA88D06273} = {8D626EA8-CB54-BC41-363A-217881BEBA6E}
		{AB9001E1-55FF-40E1-B9AC-DF02EB2BB4E5} = {9048EB7F-3875-A59E-E36B-5BD4C6F2A282}
		{F4465C2A-0D06-4ED1-AEDD-2E0B9F847D4C} = {9048EB7F-3875-A59E-E36B-5BD4C6F2A282}
		{CCE12E6D-25F6-46B9-8EBF-C010D4CC5CFC} = {03997797-E7F5-0643-168D-B8EA7178C2FE}
		{EAA64D7B-7C2A-4E97-A4BA-9E57BE010EBF} = {03997797-E7F5-0643-168D-B8EA7178C2FE}
		{EE66496A-B684-49B2-8B0F-F94A2F856B54} = {9048EB7F-3875-A59E-E36B-5BD4C6F2A282}
	EndGlobalSection
EndGlobal
